
Microsoft Visual Studio Solution File, Format Version 12.00
# Visual Studio Version 16
VisualStudioVersion = 16.0.31112.23
MinimumVisualStudioVersion = 10.0.40219.1
Project("{FAE04EC0-301F-11D3-BF4B-00C04F79EFBC}") = "SectionA", "SectionA\SectionA.csproj", "{44D5DB37-BBFB-4651-81A1-E47A3592C0C3}"
EndProject
Project("{FAE04EC0-301F-11D3-BF4B-00C04F79EFBC}") = "CommonData", "CommonData\CommonData.csproj", "{0FBC19CF-140E-4E46-BDA4-CDEB51617DEC}"
EndProject
Global
	GlobalSection(SolutionConfigurationPlatforms) = preSolution
		Debug|Any CPU = Debug|Any CPU
		Release|Any CPU = Release|Any CPU
	EndGlobalSection
	GlobalSection(ProjectConfigurationPlatforms) = postSolution
		{44D5DB37-BBFB-4651-81A1-E47A3592C0C3}.Debug|Any CPU.ActiveCfg = Debug|Any CPU
		{44D5DB37-BBFB-4651-81A1-E47A3592C0C3}.Debug|Any CPU.Build.0 = Debug|Any CPU
		{44D5DB37-BBFB-4651-81A1-E47A3592C0C3}.Release|Any CPU.ActiveCfg = Release|Any CPU
		{44D5DB37-BBFB-4651-81A1-E47A3592C0C3}.Release|Any CPU.Build.0 = Release|Any CPU
		{0FBC19CF-140E-4E46-BDA4-CDEB51617DEC}.Debug|Any CPU.ActiveCfg = Debug|Any CPU
		{0FBC19CF-140E-4E46-BDA4-CDEB51617DEC}.Debug|Any CPU.Build.0 = Debug|Any CPU
		{0FBC19CF-140E-4E46-BDA4-CDEB51617DEC}.Release|Any CPU.ActiveCfg = Release|Any CPU
		{0FBC19CF-140E-4E46-BDA4-CDEB51617DEC}.Release|Any CPU.Build.0 = Release|Any CPU
	EndGlobalSection
	GlobalSection(SolutionProperties) = preSolution
		HideSolutionNode = FALSE
	EndGlobalSection
	GlobalSection(ExtensibilityGlobals) = postSolution
		SolutionGuid = {2C0F7DC2-1C3D-4A98-8EDE-481418D4718B}
	EndGlobalSection
EndGlobal
